
Microsoft Visual Studio Solution File, Format Version 12.00
# Visual Studio Version 16
VisualStudioVersion = 16.0.31624.102
MinimumVisualStudioVersion = 10.0.40219.1
Project("{FAE04EC0-301F-11D3-BF4B-00C04F79EFBC}") = "BakkerijApp", "BakkerijApp\BakkerijApp.csproj", "{7BD49398-FF4D-4007-95EF-A45F529E978C}"
EndProject
Project("{FAE04EC0-301F-11D3-BF4B-00C04F79EFBC}") = "DataAccessLayer", "DataAccessLayer\DataAccessLayer.csproj", "{2B984D90-0860-42FF-8078-B1ABDEC1D1AB}"
EndProject
Global
	GlobalSection(SolutionConfigurationPlatforms) = preSolution
		Debug|Any CPU = Debug|Any CPU
		Release|Any CPU = Release|Any CPU
	EndGlobalSection
	GlobalSection(ProjectConfigurationPlatforms) = postSolution
		{7BD49398-FF4D-4007-95EF-A45F529E978C}.Debug|Any CPU.ActiveCfg = Debug|Any CPU
		{7BD49398-FF4D-4007-95EF-A45F529E978C}.Debug|Any CPU.Build.0 = Debug|Any CPU
		{7BD49398-FF4D-4007-95EF-A45F529E978C}.Release|Any CPU.ActiveCfg = Release|Any CPU
		{7BD49398-FF4D-4007-95EF-A45F529E978C}.Release|Any CPU.Build.0 = Release|Any CPU
		{2B984D90-0860-42FF-8078-B1ABDEC1D1AB}.Debug|Any CPU.ActiveCfg = Debug|Any CPU
		{2B984D90-0860-42FF-8078-B1ABDEC1D1AB}.Debug|Any CPU.Build.0 = Debug|Any CPU
		{2B984D90-0860-42FF-8078-B1ABDEC1D1AB}.Release|Any CPU.ActiveCfg = Release|Any CPU
		{2B984D90-0860-42FF-8078-B1ABDEC1D1AB}.Release|Any CPU.Build.0 = Release|Any CPU
	EndGlobalSection
	GlobalSection(SolutionProperties) = preSolution
		HideSolutionNode = FALSE
	EndGlobalSection
	GlobalSection(ExtensibilityGlobals) = postSolution
		SolutionGuid = {C848C28D-8ECB-4637-8B03-525B352E97AB}
	EndGlobalSection
EndGlobal
